
Microsoft Visual Studio Solution File, Format Version 12.00
# Visual Studio Version 17
VisualStudioVersion = 17.5.33627.172
MinimumVisualStudioVersion = 10.0.40219.1
Project("{FAE04EC0-301F-11D3-BF4B-00C04F79EFBC}") = "WebApplication1", "WebApplication1\WebApplication1.csproj", "{229C55ED-99D7-48EB-9EF1-94BB1365C02E}"
EndProject
Global
	GlobalSection(SolutionConfigurationPlatforms) = preSolution
		Debug|Any CPU = Debug|Any CPU
		Release|Any CPU = Release|Any CPU
	EndGlobalSection
	GlobalSection(ProjectConfigurationPlatforms) = postSolution
		{229C55ED-99D7-48EB-9EF1-94BB1365C02E}.Debug|Any CPU.ActiveCfg = Debug|Any CPU
		{229C55ED-99D7-48EB-9EF1-94BB1365C02E}.Debug|Any CPU.Build.0 = Debug|Any CPU
		{229C55ED-99D7-48EB-9EF1-94BB1365C02E}.Release|Any CPU.ActiveCfg = Release|Any CPU
		{229C55ED-99D7-48EB-9EF1-94BB1365C02E}.Release|Any CPU.Build.0 = Release|Any CPU
	EndGlobalSection
	GlobalSection(SolutionProperties) = preSolution
		HideSolutionNode = FALSE
	EndGlobalSection
	GlobalSection(ExtensibilityGlobals) = postSolution
		SolutionGuid = {2EA2FCDF-989F-43EB-B4D5-BAAB24254C64}
	EndGlobalSection
EndGlobal
